--- #Error handling
- hosts: localhost
  become: yes
  become_method: sudo
  gather_facts: no
  tasks:
    - name: install
      block:
      - service:
          name: nginx
          state: started
        register: service_status
      rescue: 
        - debug:
            var: service_status
      always:
        - debug:
            msg: "always run"
